
Microsoft Visual Studio Solution File, Format Version 12.00
# Visual Studio Version 16
VisualStudioVersion = 16.0.31402.337
MinimumVisualStudioVersion = 10.0.40219.1
Project("{FAE04EC0-301F-11D3-BF4B-00C04F79EFBC}") = "GetConnectedUSB", "GetConnectedUSB\GetConnectedUSB.csproj", "{24989F5B-F9BF-4A80-9E7E-7FE2A99BB175}"
EndProject
Global
	GlobalSection(SolutionConfigurationPlatforms) = preSolution
		Debug|Any CPU = Debug|Any CPU
		Release|Any CPU = Release|Any CPU
	EndGlobalSection
	GlobalSection(ProjectConfigurationPlatforms) = postSolution
		{24989F5B-F9BF-4A80-9E7E-7FE2A99BB175}.Debug|Any CPU.ActiveCfg = Debug|Any CPU
		{24989F5B-F9BF-4A80-9E7E-7FE2A99BB175}.Debug|Any CPU.Build.0 = Debug|Any CPU
		{24989F5B-F9BF-4A80-9E7E-7FE2A99BB175}.Release|Any CPU.ActiveCfg = Release|Any CPU
		{24989F5B-F9BF-4A80-9E7E-7FE2A99BB175}.Release|Any CPU.Build.0 = Release|Any CPU
	EndGlobalSection
	GlobalSection(SolutionProperties) = preSolution
		HideSolutionNode = FALSE
	EndGlobalSection
	GlobalSection(ExtensibilityGlobals) = postSolution
		SolutionGuid = {40B104E7-3E81-4357-8C88-327FFE4CE8B8}
	EndGlobalSection
EndGlobal
